
Microsoft Visual Studio Solution File, Format Version 12.00
# Visual Studio 2012
Project("{FAE04EC0-301F-11D3-BF4B-00C04F79EFBC}") = "QuanLyCuaHangTienLoi", "QuanLyCuaHangTienLoi\QuanLyCuaHangTienLoi.csproj", "{3CBB45A8-F43C-4575-B5EB-5DCCB026D891}"
EndProject
Project("{FAE04EC0-301F-11D3-BF4B-00C04F79EFBC}") = "BLL_DAL", "BLL_DAL\BLL_DAL.csproj", "{09BC3E89-CC45-4C21-A2C9-F693B0510CDD}"
EndProject
Global
	GlobalSection(SolutionConfigurationPlatforms) = preSolution
		Debug|Any CPU = Debug|Any CPU
		Release|Any CPU = Release|Any CPU
	EndGlobalSection
	GlobalSection(ProjectConfigurationPlatforms) = postSolution
		{3CBB45A8-F43C-4575-B5EB-5DCCB026D891}.Debug|Any CPU.ActiveCfg = Debug|Any CPU
		{3CBB45A8-F43C-4575-B5EB-5DCCB026D891}.Debug|Any CPU.Build.0 = Debug|Any CPU
		{3CBB45A8-F43C-4575-B5EB-5DCCB026D891}.Release|Any CPU.ActiveCfg = Release|Any CPU
		{3CBB45A8-F43C-4575-B5EB-5DCCB026D891}.Release|Any CPU.Build.0 = Release|Any CPU
		{09BC3E89-CC45-4C21-A2C9-F693B0510CDD}.Debug|Any CPU.ActiveCfg = Debug|Any CPU
		{09BC3E89-CC45-4C21-A2C9-F693B0510CDD}.Debug|Any CPU.Build.0 = Debug|Any CPU
		{09BC3E89-CC45-4C21-A2C9-F693B0510CDD}.Release|Any CPU.ActiveCfg = Release|Any CPU
		{09BC3E89-CC45-4C21-A2C9-F693B0510CDD}.Release|Any CPU.Build.0 = Release|Any CPU
	EndGlobalSection
	GlobalSection(SolutionProperties) = preSolution
		HideSolutionNode = FALSE
	EndGlobalSection
	GlobalSection(ExtensibilityGlobals) = postSolution
		SolutionGuid = {CE67493D-9D3E-4C2D-937A-EDE8F7EE65D2}
	EndGlobalSection
EndGlobal
